
Microsoft Visual Studio Solution File, Format Version 12.00
# Visual Studio 15
VisualStudioVersion = 15.0.28307.329
MinimumVisualStudioVersion = 10.0.40219.1
Project("{FAE04EC0-301F-11D3-BF4B-00C04F79EFBC}") = "EquipmentSatusBoard", "EquipmentSatusBoard\EquipmentSatusBoard.csproj", "{BED70DF5-58B6-4BDD-A899-93C34D5F8FC2}"
EndProject
Project("{54435603-DBB4-11D2-8724-00A0C9A8B90C}") = "Setup", "Setup\Setup.vdproj", "{D4F26B41-0D95-491E-8C00-CBBB5AC8848E}"
EndProject
Global
	GlobalSection(SolutionConfigurationPlatforms) = preSolution
		Debug|Any CPU = Debug|Any CPU
		Release|Any CPU = Release|Any CPU
	EndGlobalSection
	GlobalSection(ProjectConfigurationPlatforms) = postSolution
		{BED70DF5-58B6-4BDD-A899-93C34D5F8FC2}.Debug|Any CPU.ActiveCfg = Debug|Any CPU
		{BED70DF5-58B6-4BDD-A899-93C34D5F8FC2}.Debug|Any CPU.Build.0 = Debug|Any CPU
		{BED70DF5-58B6-4BDD-A899-93C34D5F8FC2}.Release|Any CPU.ActiveCfg = Release|Any CPU
		{BED70DF5-58B6-4BDD-A899-93C34D5F8FC2}.Release|Any CPU.Build.0 = Release|Any CPU
		{D4F26B41-0D95-491E-8C00-CBBB5AC8848E}.Debug|Any CPU.ActiveCfg = Debug
		{D4F26B41-0D95-491E-8C00-CBBB5AC8848E}.Release|Any CPU.ActiveCfg = Release
	EndGlobalSection
	GlobalSection(SolutionProperties) = preSolution
		HideSolutionNode = FALSE
	EndGlobalSection
	GlobalSection(ExtensibilityGlobals) = postSolution
		SolutionGuid = {40B7CA21-0292-4C5E-A846-E96CA928E472}
	EndGlobalSection
EndGlobal
